
Microsoft Visual Studio Solution File, Format Version 12.00
# Visual Studio Version 17
VisualStudioVersion = 17.9.34723.18
MinimumVisualStudioVersion = 10.0.40219.1
Project("{FAE04EC0-301F-11D3-BF4B-00C04F79EFBC}") = "SimpleScreenCapture", "SimpleScreenCapture\SimpleScreenCapture.csproj", "{9F72817A-973A-4C62-BBB2-4AA116108EF5}"
EndProject
Project("{9A19103F-16F7-4668-BE54-9A1E7A4F7556}") = "LibScreenCapture", "LibScreenCapture\LibScreenCapture.csproj", "{1499969A-A850-484F-A050-99669065423A}"
EndProject
Project("{FAE04EC0-301F-11D3-BF4B-00C04F79EFBC}") = "TestConsole", "TestConsole\TestConsole.csproj", "{0555A545-72C5-45F8-A188-B99AEC52CDBB}"
EndProject
Global
	GlobalSection(SolutionConfigurationPlatforms) = preSolution
		Debug|Any CPU = Debug|Any CPU
		Release|Any CPU = Release|Any CPU
	EndGlobalSection
	GlobalSection(ProjectConfigurationPlatforms) = postSolution
		{9F72817A-973A-4C62-BBB2-4AA116108EF5}.Debug|Any CPU.ActiveCfg = Debug|Any CPU
		{9F72817A-973A-4C62-BBB2-4AA116108EF5}.Debug|Any CPU.Build.0 = Debug|Any CPU
		{9F72817A-973A-4C62-BBB2-4AA116108EF5}.Release|Any CPU.ActiveCfg = Release|Any CPU
		{9F72817A-973A-4C62-BBB2-4AA116108EF5}.Release|Any CPU.Build.0 = Release|Any CPU
		{1499969A-A850-484F-A050-99669065423A}.Debug|Any CPU.ActiveCfg = Debug|Any CPU
		{1499969A-A850-484F-A050-99669065423A}.Debug|Any CPU.Build.0 = Debug|Any CPU
		{1499969A-A850-484F-A050-99669065423A}.Release|Any CPU.ActiveCfg = Release|Any CPU
		{1499969A-A850-484F-A050-99669065423A}.Release|Any CPU.Build.0 = Release|Any CPU
		{0555A545-72C5-45F8-A188-B99AEC52CDBB}.Debug|Any CPU.ActiveCfg = Debug|Any CPU
		{0555A545-72C5-45F8-A188-B99AEC52CDBB}.Debug|Any CPU.Build.0 = Debug|Any CPU
		{0555A545-72C5-45F8-A188-B99AEC52CDBB}.Release|Any CPU.ActiveCfg = Release|Any CPU
		{0555A545-72C5-45F8-A188-B99AEC52CDBB}.Release|Any CPU.Build.0 = Release|Any CPU
	EndGlobalSection
	GlobalSection(SolutionProperties) = preSolution
		HideSolutionNode = FALSE
	EndGlobalSection
	GlobalSection(ExtensibilityGlobals) = postSolution
		SolutionGuid = {F7088F42-6198-4605-BDA1-839CD407745E}
	EndGlobalSection
EndGlobal
